
Microsoft Visual Studio Solution File, Format Version 12.00
Project("{FAE04EC0-301F-11D3-BF4B-00C04F79EFBC}") = "Gpbl.Api", "Gpbl.Api\Gpbl.Api.csproj", "{53DAE6CA-0B63-4AB8-9186-F38414692885}"
EndProject
Project("{2150E333-8FDC-42A3-9474-1A3956D46DE8}") = "Solution Items", "Solution Items", "{C93FA5FF-E636-4AA1-8EC0-C38ED4EF8491}"
	ProjectSection(SolutionItems) = preProject
		docker-compose.yml = docker-compose.yml
	EndProjectSection
EndProject
Project("{FAE04EC0-301F-11D3-BF4B-00C04F79EFBC}") = "Gpbl.Domain", "Gpbl.Domain\Gpbl.Domain.csproj", "{846FCDF6-C4BC-46CA-B74D-A9CAAD3BACD2}"
EndProject
Project("{FAE04EC0-301F-11D3-BF4B-00C04F79EFBC}") = "Gpbl.Application", "Gpbl.Application\Gpbl.Application.csproj", "{F22782DA-5861-4321-9D5E-D801A826C223}"
EndProject
Project("{FAE04EC0-301F-11D3-BF4B-00C04F79EFBC}") = "Gpbl.Infrastructure", "Gpbl.Infrastructure\Gpbl.Infrastructure.csproj", "{740B8076-8495-422F-BE16-A5BA0C260E04}"
EndProject
Global
	GlobalSection(SolutionConfigurationPlatforms) = preSolution
		Debug|Any CPU = Debug|Any CPU
		Release|Any CPU = Release|Any CPU
	EndGlobalSection
	GlobalSection(ProjectConfigurationPlatforms) = postSolution
		{53DAE6CA-0B63-4AB8-9186-F38414692885}.Debug|Any CPU.ActiveCfg = Debug|Any CPU
		{53DAE6CA-0B63-4AB8-9186-F38414692885}.Debug|Any CPU.Build.0 = Debug|Any CPU
		{53DAE6CA-0B63-4AB8-9186-F38414692885}.Release|Any CPU.ActiveCfg = Release|Any CPU
		{53DAE6CA-0B63-4AB8-9186-F38414692885}.Release|Any CPU.Build.0 = Release|Any CPU
		{846FCDF6-C4BC-46CA-B74D-A9CAAD3BACD2}.Debug|Any CPU.ActiveCfg = Debug|Any CPU
		{846FCDF6-C4BC-46CA-B74D-A9CAAD3BACD2}.Debug|Any CPU.Build.0 = Debug|Any CPU
		{846FCDF6-C4BC-46CA-B74D-A9CAAD3BACD2}.Release|Any CPU.ActiveCfg = Release|Any CPU
		{846FCDF6-C4BC-46CA-B74D-A9CAAD3BACD2}.Release|Any CPU.Build.0 = Release|Any CPU
		{F22782DA-5861-4321-9D5E-D801A826C223}.Debug|Any CPU.ActiveCfg = Debug|Any CPU
		{F22782DA-5861-4321-9D5E-D801A826C223}.Debug|Any CPU.Build.0 = Debug|Any CPU
		{F22782DA-5861-4321-9D5E-D801A826C223}.Release|Any CPU.ActiveCfg = Release|Any CPU
		{F22782DA-5861-4321-9D5E-D801A826C223}.Release|Any CPU.Build.0 = Release|Any CPU
		{740B8076-8495-422F-BE16-A5BA0C260E04}.Debug|Any CPU.ActiveCfg = Debug|Any CPU
		{740B8076-8495-422F-BE16-A5BA0C260E04}.Debug|Any CPU.Build.0 = Debug|Any CPU
		{740B8076-8495-422F-BE16-A5BA0C260E04}.Release|Any CPU.ActiveCfg = Release|Any CPU
		{740B8076-8495-422F-BE16-A5BA0C260E04}.Release|Any CPU.Build.0 = Release|Any CPU
	EndGlobalSection
EndGlobal
